
Microsoft Visual Studio Solution File, Format Version 12.00
# Visual Studio Version 16
VisualStudioVersion = 16.0.31205.134
MinimumVisualStudioVersion = 10.0.40219.1
Project("{9A19103F-16F7-4668-BE54-9A1E7A4F7556}") = "diukin_test", "diukin_test\diukin_test.csproj", "{3B20F6E5-334C-4A87-9B24-4453E877ECD6}"
EndProject
Global
	GlobalSection(SolutionConfigurationPlatforms) = preSolution
		Debug|Any CPU = Debug|Any CPU
		Release|Any CPU = Release|Any CPU
	EndGlobalSection
	GlobalSection(ProjectConfigurationPlatforms) = postSolution
		{3B20F6E5-334C-4A87-9B24-4453E877ECD6}.Debug|Any CPU.ActiveCfg = Debug|Any CPU
		{3B20F6E5-334C-4A87-9B24-4453E877ECD6}.Debug|Any CPU.Build.0 = Debug|Any CPU
		{3B20F6E5-334C-4A87-9B24-4453E877ECD6}.Release|Any CPU.ActiveCfg = Release|Any CPU
		{3B20F6E5-334C-4A87-9B24-4453E877ECD6}.Release|Any CPU.Build.0 = Release|Any CPU
	EndGlobalSection
	GlobalSection(SolutionProperties) = preSolution
		HideSolutionNode = FALSE
	EndGlobalSection
	GlobalSection(ExtensibilityGlobals) = postSolution
		SolutionGuid = {F367A770-B514-4000-9F92-AF9D54A949D0}
	EndGlobalSection
EndGlobal
